
Microsoft Visual Studio Solution File, Format Version 12.00
# Visual Studio Version 16
VisualStudioVersion = 16.0.30717.126
MinimumVisualStudioVersion = 10.0.40219.1
Project("{FAE04EC0-301F-11D3-BF4B-00C04F79EFBC}") = "Negrea_Georgiana_Lab8", "Negrea_Georgiana_Lab8.csproj", "{E6C1C21F-A63D-41EE-9A0A-544A6A925156}"
EndProject
Global
	GlobalSection(SolutionConfigurationPlatforms) = preSolution
		Debug|Any CPU = Debug|Any CPU
		Release|Any CPU = Release|Any CPU
	EndGlobalSection
	GlobalSection(ProjectConfigurationPlatforms) = postSolution
		{E6C1C21F-A63D-41EE-9A0A-544A6A925156}.Debug|Any CPU.ActiveCfg = Debug|Any CPU
		{E6C1C21F-A63D-41EE-9A0A-544A6A925156}.Debug|Any CPU.Build.0 = Debug|Any CPU
		{E6C1C21F-A63D-41EE-9A0A-544A6A925156}.Release|Any CPU.ActiveCfg = Release|Any CPU
		{E6C1C21F-A63D-41EE-9A0A-544A6A925156}.Release|Any CPU.Build.0 = Release|Any CPU
	EndGlobalSection
	GlobalSection(SolutionProperties) = preSolution
		HideSolutionNode = FALSE
	EndGlobalSection
	GlobalSection(ExtensibilityGlobals) = postSolution
		SolutionGuid = {F9EA04C8-85BA-4E57-8034-F20EED8C032B}
	EndGlobalSection
EndGlobal
